<?xml version="1.0" encoding="utf-8"?>
<Project ToolsVersion="4.0" xmlns="http://schemas.microsoft.com/developer/msbuild/2003">
  <ItemGroup>
    <Filter Include="源文件">
      <UniqueIdentifier>{4FC737F1-C7A5-4376-A066-2A32D752A2FF}</UniqueIdentifier>
      <Extensions>cpp;c;cc;cxx;c++;cppm;ixx;def;odl;idl;hpj;bat;asm;asmx</Extensions>
    </Filter>
    <Filter Include="头文件">
      <UniqueIdentifier>{93995380-89BD-4b04-88EB-625FBE52EBFB}</UniqueIdentifier>
      <Extensions>h;hh;hpp;hxx;h++;hm;inl;inc;ipp;xsd</Extensions>
    </Filter>
    <Filter Include="资源文件">
      <UniqueIdentifier>{67DA6AB6-F800-4c08-8B7A-83BB121AAD01}</UniqueIdentifier>
      <Extensions>rc;ico;cur;bmp;dlg;rc2;rct;bin;rgs;gif;jpg;jpeg;jpe;resx;tiff;tif;png;wav;mfcribbon-ms</Extensions>
    </Filter>
    <Filter Include="资源文件\img">
      <UniqueIdentifier>{f08401f1-586a-4e8c-9b69-b164306296f6}</UniqueIdentifier>
    </Filter>
    <Filter Include="资源文件\music">
      <UniqueIdentifier>{d902bbc0-878b-404b-a4a4-887803b5b6c6}</UniqueIdentifier>
    </Filter>
  </ItemGroup>
  <ItemGroup>
    <ClCompile Include="Main.cpp">
      <Filter>源文件</Filter>
    </ClCompile>
    <ClCompile Include="Game.cpp">
      <Filter>源文件</Filter>
    </ClCompile>
  </ItemGroup>
  <ItemGroup>
    <ClInclude Include="tools.h">
      <Filter>头文件</Filter>
    </ClInclude>
    <ClInclude Include="Game.h">
      <Filter>头文件</Filter>
    </ClInclude>
  </ItemGroup>
  <ItemGroup>
    <Image Include="pieces\0.png">
      <Filter>资源文件\img</Filter>
    </Image>
    <Image Include="pieces\2.png">
      <Filter>资源文件\img</Filter>
    </Image>
    <Image Include="pieces\4.png">
      <Filter>资源文件\img</Filter>
    </Image>
    <Image Include="pieces\8.png">
      <Filter>资源文件\img</Filter>
    </Image>
    <Image Include="pieces\16.png">
      <Filter>资源文件\img</Filter>
    </Image>
    <Image Include="pieces\32.png">
      <Filter>资源文件\img</Filter>
    </Image>
    <Image Include="pieces\64.png">
      <Filter>资源文件\img</Filter>
    </Image>
    <Image Include="pieces\128.png">
      <Filter>资源文件\img</Filter>
    </Image>
    <Image Include="pieces\256.png">
      <Filter>资源文件\img</Filter>
    </Image>
    <Image Include="pieces\512.png">
      <Filter>资源文件\img</Filter>
    </Image>
    <Image Include="pieces\1024.png">
      <Filter>资源文件\img</Filter>
    </Image>
    <Image Include="pieces\2048.png">
      <Filter>资源文件\img</Filter>
    </Image>
    <Image Include="pieces\4096.png">
      <Filter>资源文件\img</Filter>
    </Image>
    <Image Include="pieces\8192.png">
      <Filter>资源文件\img</Filter>
    </Image>
    <Image Include="pieces\bk.png">
      <Filter>资源文件\img</Filter>
    </Image>
    <Image Include="pieces\bk1.png">
      <Filter>资源文件\img</Filter>
    </Image>
    <Image Include="pieces\gameOver.png">
      <Filter>资源文件\img</Filter>
    </Image>
  </ItemGroup>
  <ItemGroup>
    <Media Include="pieces\bk.mp3">
      <Filter>资源文件\music</Filter>
    </Media>
  </ItemGroup>
</Project>